// !$*UTF8*$!
{
	archiveVersion = 1;
	classes = {
	};
	objectVersion = 46;
	objects = {

/* Begin PBXBuildFile section */
		319BA7BF19DECDDF0031C31D /* FISPet.m in Sources */ = {isa = PBXBuildFile; fileRef = 319BA7BE19DECDDF0031C31D /* FISPet.m */; };
		319BA7C219DECE940031C31D /* FISDog.m in Sources */ = {isa = PBXBuildFile; fileRef = 319BA7C119DECE940031C31D /* FISDog.m */; };
		319BA7C419DED91A0031C31D /* FISPetSpec.m in Sources */ = {isa = PBXBuildFile; fileRef = 319BA7C319DED91A0031C31D /* FISPetSpec.m */; };
		319BA7C619DED9240031C31D /* FISDogSpec.m in Sources */ = {isa = PBXBuildFile; fileRef = 319BA7C519DED9240031C31D /* FISDogSpec.m */; };
		482D2E8F47AD47979EFF891C /* main.m in Sources */ = {isa = PBXBuildFile; fileRef = 31AF81A5289D45EAA2F19EF4 /* main.m */; };
		5171D40E67259D41884EDCC0 /* libPods-unit_tests.a in Frameworks */ = {isa = PBXBuildFile; fileRef = B8B627BE81D7997190CF7802 /* libPods-unit_tests.a */; };
		9AF9063830C34ED0B3E89B3B /* Foundation.framework in Frameworks */ = {isa = PBXBuildFile; fileRef = 3F28609C53504142A3CDCCAD /* Foundation.framework */; };
		DCCE3AAABDF34C04AE42C254 /* Images.xcassets in Resources */ = {isa = PBXBuildFile; fileRef = 333D26DD4ABC4AE2A85B33E2 /* Images.xcassets */; };
		FDC791D83E89434B87E488A3 /* FISAppDelegate.m in Sources */ = {isa = PBXBuildFile; fileRef = 70CC415B5C7E445DAD1414D9 /* FISAppDelegate.m */; };
/* End PBXBuildFile section */

/* Begin PBXContainerItemProxy section */
		832E0B5220F447299668042F /* PBXContainerItemProxy */ = {
			isa = PBXContainerItemProxy;
			containerPortal = 7734A3B639D14EF3A3117670 /* Project object */;
			proxyType = 1;
			remoteGlobalIDString = 36F4291A23E8408790A9C1D1;
			remoteInfo = "objc-PetCast";
		};
/* End PBXContainerItemProxy section */

/* Begin PBXFileReference section */
		2270C59904A345B79B46FA50 /* objc-PetCast.app */ = {isa = PBXFileReference; explicitFileType = wrapper.application; includeInIndex = 0; path = "objc-PetCast.app"; sourceTree = BUILT_PRODUCTS_DIR; };
		319BA7BD19DECDDF0031C31D /* FISPet.h */ = {isa = PBXFileReference; fileEncoding = 4; lastKnownFileType = sourcecode.c.h; path = FISPet.h; sourceTree = "<group>"; };
		319BA7BE19DECDDF0031C31D /* FISPet.m */ = {isa = PBXFileReference; fileEncoding = 4; lastKnownFileType = sourcecode.c.objc; path = FISPet.m; sourceTree = "<group>"; };
		319BA7C019DECE940031C31D /* FISDog.h */ = {isa = PBXFileReference; fileEncoding = 4; lastKnownFileType = sourcecode.c.h; path = FISDog.h; sourceTree = "<group>"; };
		319BA7C119DECE940031C31D /* FISDog.m */ = {isa = PBXFileReference; fileEncoding = 4; lastKnownFileType = sourcecode.c.objc; path = FISDog.m; sourceTree = "<group>"; };
		319BA7C319DED91A0031C31D /* FISPetSpec.m */ = {isa = PBXFileReference; fileEncoding = 4; lastKnownFileType = sourcecode.c.objc; path = FISPetSpec.m; sourceTree = "<group>"; };
		319BA7C519DED9240031C31D /* FISDogSpec.m */ = {isa = PBXFileReference; fileEncoding = 4; lastKnownFileType = sourcecode.c.objc; path = FISDogSpec.m; sourceTree = "<group>"; };
		31AF81A5289D45EAA2F19EF4 /* main.m */ = {isa = PBXFileReference; includeInIndex = 1; lastKnownFileType = sourcecode.c.objc; path = main.m; sourceTree = "<group>"; };
		333D26DD4ABC4AE2A85B33E2 /* Images.xcassets */ = {isa = PBXFileReference; includeInIndex = 1; lastKnownFileType = folder.assetcatalog; path = Images.xcassets; sourceTree = "<group>"; };
		3F28609C53504142A3CDCCAD /* Foundation.framework */ = {isa = PBXFileReference; lastKnownFileType = wrapper.framework; name = Foundation.framework; path = Platforms/iPhoneOS.platform/Developer/SDKs/iPhoneOS7.0.sdk/System/Library/Frameworks/Foundation.framework; sourceTree = DEVELOPER_DIR; };
		5B8C885DE55476ABFC6A7669 /* Pods-unit_tests.release.xcconfig */ = {isa = PBXFileReference; includeInIndex = 1; lastKnownFileType = text.xcconfig; name = "Pods-unit_tests.release.xcconfig"; path = "Pods/Target Support Files/Pods-unit_tests/Pods-unit_tests.release.xcconfig"; sourceTree = "<group>"; };
		5CE926AF33E84265810141B9 /* UnitTests-Prefix.pch */ = {isa = PBXFileReference; includeInIndex = 1; lastKnownFileType = sourcecode.c.h; path = "UnitTests-Prefix.pch"; sourceTree = "<group>"; };
		67F6C2266F4869A02E7A8109 /* Pods-unit_tests.debug.xcconfig */ = {isa = PBXFileReference; includeInIndex = 1; lastKnownFileType = text.xcconfig; name = "Pods-unit_tests.debug.xcconfig"; path = "Pods/Target Support Files/Pods-unit_tests/Pods-unit_tests.debug.xcconfig"; sourceTree = "<group>"; };
		6BF26FB9837047FF8DA599D0 /* FISAppDelegate.h */ = {isa = PBXFileReference; includeInIndex = 1; lastKnownFileType = sourcecode.c.h; path = FISAppDelegate.h; sourceTree = "<group>"; };
		70CC415B5C7E445DAD1414D9 /* FISAppDelegate.m */ = {isa = PBXFileReference; includeInIndex = 1; lastKnownFileType = sourcecode.c.objc; path = FISAppDelegate.m; sourceTree = "<group>"; };
		964253FB2F274C7FBAB8042F /* objc-PetCast-Prefix.pch */ = {isa = PBXFileReference; includeInIndex = 1; lastKnownFileType = sourcecode.c.h; path = "objc-PetCast-Prefix.pch"; sourceTree = "<group>"; };
		AC7D892834C14E1185B11DFA /* UnitTests-Info.plist */ = {isa = PBXFileReference; includeInIndex = 1; lastKnownFileType = text.plist.xml; path = "UnitTests-Info.plist"; sourceTree = "<group>"; };
		B8B627BE81D7997190CF7802 /* libPods-unit_tests.a */ = {isa = PBXFileReference; explicitFileType = archive.ar; includeInIndex = 0; path = "libPods-unit_tests.a"; sourceTree = BUILT_PRODUCTS_DIR; };
		E2C4F61669E54078A02E778C /* UnitTests.xctest */ = {isa = PBXFileReference; explicitFileType = wrapper.cfbundle; includeInIndex = 0; path = UnitTests.xctest; sourceTree = BUILT_PRODUCTS_DIR; };
		E497469AF5E841399B002946 /* objc-PetCast-Info.plist */ = {isa = PBXFileReference; includeInIndex = 1; lastKnownFileType = text.plist.xml; path = "objc-PetCast-Info.plist"; sourceTree = "<group>"; };
/* End PBXFileReference section */

/* Begin PBXFrameworksBuildPhase section */
		52820A197DB54E9D97BA8809 /* Frameworks */ = {
			isa = PBXFrameworksBuildPhase;
			buildActionMask = 2147483647;
			files = (
				9AF9063830C34ED0B3E89B3B /* Foundation.framework in Frameworks */,
			);
			runOnlyForDeploymentPostprocessing = 0;
		};
		D510F2CB80D04A9586F3C55A /* Frameworks */ = {
			isa = PBXFrameworksBuildPhase;
			buildActionMask = 2147483647;
			files = (
				5171D40E67259D41884EDCC0 /* libPods-unit_tests.a in Frameworks */,
			);
			runOnlyForDeploymentPostprocessing = 0;
		};
/* End PBXFrameworksBuildPhase section */

/* Begin PBXGroup section */
		2942FA8A72084317998F3A12 /* Tests */ = {
			isa = PBXGroup;
			children = (
				319BA7C319DED91A0031C31D /* FISPetSpec.m */,
				319BA7C519DED9240031C31D /* FISDogSpec.m */,
			);
			path = Tests;
			sourceTree = "<group>";
		};
		311EBEB4E1BB4E29BE1EF636 /* iOS */ = {
			isa = PBXGroup;
			children = (
				3F28609C53504142A3CDCCAD /* Foundation.framework */,
			);
			name = iOS;
			sourceTree = "<group>";
		};
		52C184AD7207BD63058D73CB /* Pods */ = {
			isa = PBXGroup;
			children = (
				5B8C885DE55476ABFC6A7669 /* Pods-unit_tests.release.xcconfig */,
				67F6C2266F4869A02E7A8109 /* Pods-unit_tests.debug.xcconfig */,
			);
			name = Pods;
			sourceTree = "<group>";
		};
		56B4D1BEB3A042BD9188A24F /* Resources */ = {
			isa = PBXGroup;
			children = (
				333D26DD4ABC4AE2A85B33E2 /* Images.xcassets */,
				E5E8E19DDAB44E30BC44A98C /* Other-Sources */,
			);
			path = Resources;
			sourceTree = "<group>";
		};
		5A0A3BED67FC43A3A4734CE5 /* Frameworks */ = {
			isa = PBXGroup;
			children = (
				311EBEB4E1BB4E29BE1EF636 /* iOS */,
				B8B627BE81D7997190CF7802 /* libPods-unit_tests.a */,
			);
			name = Frameworks;
			sourceTree = "<group>";
		};
		6F566E435766491988A31883 = {
			isa = PBXGroup;
			children = (
				DC1B94A60B48414CA3B72004 /* objc-PetCast */,
				B470A2DE91E545EA86A9DFB1 /* UnitTests */,
				5A0A3BED67FC43A3A4734CE5 /* Frameworks */,
				E2CE8131A4F640A6AFB8BAAC /* Products */,
				52C184AD7207BD63058D73CB /* Pods */,
			);
			indentWidth = 4;
			sourceTree = "<group>";
			tabWidth = 4;
			usesTabs = 0;
		};
		ADB8FCA993B8423DBE08F25B /* Resources */ = {
			isa = PBXGroup;
			children = (
				AC7D892834C14E1185B11DFA /* UnitTests-Info.plist */,
				5CE926AF33E84265810141B9 /* UnitTests-Prefix.pch */,
			);
			path = Resources;
			sourceTree = "<group>";
		};
		B470A2DE91E545EA86A9DFB1 /* UnitTests */ = {
			isa = PBXGroup;
			children = (
				ADB8FCA993B8423DBE08F25B /* Resources */,
				2942FA8A72084317998F3A12 /* Tests */,
			);
			path = UnitTests;
			sourceTree = "<group>";
		};
		DC1B94A60B48414CA3B72004 /* objc-PetCast */ = {
			isa = PBXGroup;
			children = (
				6BF26FB9837047FF8DA599D0 /* FISAppDelegate.h */,
				70CC415B5C7E445DAD1414D9 /* FISAppDelegate.m */,
				56B4D1BEB3A042BD9188A24F /* Resources */,
				319BA7BD19DECDDF0031C31D /* FISPet.h */,
				319BA7BE19DECDDF0031C31D /* FISPet.m */,
				319BA7C019DECE940031C31D /* FISDog.h */,
				319BA7C119DECE940031C31D /* FISDog.m */,
			);
			path = "objc-PetCast";
			sourceTree = "<group>";
		};
		E2CE8131A4F640A6AFB8BAAC /* Products */ = {
			isa = PBXGroup;
			children = (
				2270C59904A345B79B46FA50 /* objc-PetCast.app */,
				E2C4F61669E54078A02E778C /* UnitTests.xctest */,
			);
			name = Products;
			sourceTree = "<group>";
		};
		E5E8E19DDAB44E30BC44A98C /* Other-Sources */ = {
			isa = PBXGroup;
			children = (
				E497469AF5E841399B002946 /* objc-PetCast-Info.plist */,
				964253FB2F274C7FBAB8042F /* objc-PetCast-Prefix.pch */,
				31AF81A5289D45EAA2F19EF4 /* main.m */,
			);
			path = "Other-Sources";
			sourceTree = "<group>";
		};
/* End PBXGroup section */

/* Begin PBXNativeTarget section */
		36F4291A23E8408790A9C1D1 /* objc-PetCast */ = {
			isa = PBXNativeTarget;
			buildConfigurationList = 3F152E8AAF3A4DD9B48ECB7B /* Build configuration list for PBXNativeTarget "objc-PetCast" */;
			buildPhases = (
				32FEB11538B24389A5E0C511 /* Sources */,
				52820A197DB54E9D97BA8809 /* Frameworks */,
				0E6CD4F3A03E4911A6C2DC4C /* Resources */,
				3ECE92D272EC48418C93227B /* Warn for TODO and FIXME comments */,
			);
			buildRules = (
			);
			dependencies = (
			);
			name = "objc-PetCast";
			productName = "objc-PetCast";
			productReference = 2270C59904A345B79B46FA50 /* objc-PetCast.app */;
			productType = "com.apple.product-type.application";
		};
		3D6F36CF670B4446BB0E0151 /* UnitTests */ = {
			isa = PBXNativeTarget;
			buildConfigurationList = 3A6B20981F8644EB801134A4 /* Build configuration list for PBXNativeTarget "UnitTests" */;
			buildPhases = (
				3F5CE882D15DE0279D329F9E /* Check Pods Manifest.lock */,
				F73B32FD3A8C431EA7A826B3 /* Sources */,
				D510F2CB80D04A9586F3C55A /* Frameworks */,
				D629438041BE47ADBF2BD55A /* Resources */,
				E5D1E721A1312CA9A2EA2DB3 /* Copy Pods Resources */,
			);
			buildRules = (
			);
			dependencies = (
				690332E832BE4803A483ACEB /* PBXTargetDependency */,
			);
			name = UnitTests;
			productName = UnitTests;
			productReference = E2C4F61669E54078A02E778C /* UnitTests.xctest */;
			productType = "com.apple.product-type.bundle.unit-test";
		};
/* End PBXNativeTarget section */

/* Begin PBXProject section */
		7734A3B639D14EF3A3117670 /* Project object */ = {
			isa = PBXProject;
			attributes = {
				CLASSPREFIX = FIS;
				LastUpgradeCheck = 0710;
				ORGANIZATIONNAME = "The Flatiron School";
			};
			buildConfigurationList = 9F09AFD9DB264744A7EB003D /* Build configuration list for PBXProject "objc-PetCast" */;
			compatibilityVersion = "Xcode 3.2";
			developmentRegion = English;
			hasScannedForEncodings = 0;
			knownRegions = (
				en,
			);
			mainGroup = 6F566E435766491988A31883;
			productRefGroup = E2CE8131A4F640A6AFB8BAAC /* Products */;
			projectDirPath = "";
			projectRoot = "";
			targets = (
				36F4291A23E8408790A9C1D1 /* objc-PetCast */,
				3D6F36CF670B4446BB0E0151 /* UnitTests */,
			);
		};
/* End PBXProject section */

/* Begin PBXResourcesBuildPhase section */
		0E6CD4F3A03E4911A6C2DC4C /* Resources */ = {
			isa = PBXResourcesBuildPhase;
			buildActionMask = 2147483647;
			files = (
				DCCE3AAABDF34C04AE42C254 /* Images.xcassets in Resources */,
			);
			runOnlyForDeploymentPostprocessing = 0;
		};
		D629438041BE47ADBF2BD55A /* Resources */ = {
			isa = PBXResourcesBuildPhase;
			buildActionMask = 2147483647;
			files = (
			);
			runOnlyForDeploymentPostprocessing = 0;
		};
/* End PBXResourcesBuildPhase section */

/* Begin PBXShellScriptBuildPhase section */
		3ECE92D272EC48418C93227B /* Warn for TODO and FIXME comments */ = {
			isa = PBXShellScriptBuildPhase;
			buildActionMask = 2147483647;
			files = (
			);
			inputPaths = (
			);
			name = "Warn for TODO and FIXME comments";
			outputPaths = (
			);
			runOnlyForDeploymentPostprocessing = 0;
			shellPath = /bin/sh;
			shellScript = "KEYWORDS=\"TODO:|FIXME:|\\?\\?\\?:|\\!\\!\\!:\"\nFILE_EXTENSIONS=\"h|m|mm|c|cpp\"\nfind -E \"${SRCROOT}\" -ipath \"${SRCROOT}/pods\" -prune -o \\( -regex \".*\\.($FILE_EXTENSIONS)$\" \\) -print0 | xargs -0 egrep --with-filename --line-number --only-matching \"($KEYWORDS).*\\$\" | perl -p -e \"s/($KEYWORDS)/ warning: \\$1/\"\n";
		};
		3F5CE882D15DE0279D329F9E /* Check Pods Manifest.lock */ = {
			isa = PBXShellScriptBuildPhase;
			buildActionMask = 2147483647;
			files = (
			);
			inputPaths = (
			);
			name = "Check Pods Manifest.lock";
			outputPaths = (
			);
			runOnlyForDeploymentPostprocessing = 0;
			shellPath = /bin/sh;
			shellScript = "diff \"${PODS_ROOT}/../Podfile.lock\" \"${PODS_ROOT}/Manifest.lock\" > /dev/null\nif [[ $? != 0 ]] ; then\n    cat << EOM\nerror: The sandbox is not in sync with the Podfile.lock. Run 'pod install' or update your CocoaPods installation.\nEOM\n    exit 1\nfi\n";
			showEnvVarsInLog = 0;
		};
		E5D1E721A1312CA9A2EA2DB3 /* Copy Pods Resources */ = {
			isa = PBXShellScriptBuildPhase;
			buildActionMask = 2147483647;
			files = (
			);
			inputPaths = (
			);
			name = "Copy Pods Resources";
			outputPaths = (
			);
			runOnlyForDeploymentPostprocessing = 0;
			shellPath = /bin/sh;
			shellScript = "\"${SRCROOT}/Pods/Target Support Files/Pods-unit_tests/Pods-unit_tests-resources.sh\"\n";
			showEnvVarsInLog = 0;
		};
/* End PBXShellScriptBuildPhase section */

/* Begin PBXSourcesBuildPhase section */
		32FEB11538B24389A5E0C511 /* Sources */ = {
			isa = PBXSourcesBuildPhase;
			buildActionMask = 2147483647;
			files = (
				FDC791D83E89434B87E488A3 /* FISAppDelegate.m in Sources */,
				482D2E8F47AD47979EFF891C /* main.m in Sources */,
				319BA7BF19DECDDF0031C31D /* FISPet.m in Sources */,
				319BA7C219DECE940031C31D /* FISDog.m in Sources */,
			);
			runOnlyForDeploymentPostprocessing = 0;
		};
		F73B32FD3A8C431EA7A826B3 /* Sources */ = {
			isa = PBXSourcesBuildPhase;
			buildActionMask = 2147483647;
			files = (
				319BA7C619DED9240031C31D /* FISDogSpec.m in Sources */,
				319BA7C419DED91A0031C31D /* FISPetSpec.m in Sources */,
			);
			runOnlyForDeploymentPostprocessing = 0;
		};
/* End PBXSourcesBuildPhase section */

/* Begin PBXTargetDependency section */
		690332E832BE4803A483ACEB /* PBXTargetDependency */ = {
			isa = PBXTargetDependency;
			target = 36F4291A23E8408790A9C1D1 /* objc-PetCast */;
			targetProxy = 832E0B5220F447299668042F /* PBXContainerItemProxy */;
		};
/* End PBXTargetDependency section */

/* Begin XCBuildConfiguration section */
		0CE04F6304674F7EA23E853B /* Release */ = {
			isa = XCBuildConfiguration;
			buildSettings = {
				ALWAYS_SEARCH_USER_PATHS = NO;
				COPY_PHASE_STRIP = YES;
				DSTROOT = /tmp/xcodeproj.dst;
				GCC_C_LANGUAGE_STANDARD = gnu99;
				GCC_PRECOMPILE_PREFIX_HEADER = YES;
				GCC_PREFIX_HEADER = "objc-PetCast/Resources/Other-Sources/objc-PetCast-Prefix.pch";
				GCC_VERSION = com.apple.compilers.llvm.clang.1_0;
				INFOPLIST_FILE = "objc-PetCast/Resources/Other-Sources/objc-PetCast-Info.plist";
				INSTALL_PATH = "$(BUILT_PRODUCTS_DIR)";
				OTHER_CFLAGS = (
					"-DNS_BLOCK_ASSERTIONS=1",
					"$(inherited)",
				);
				OTHER_CPLUSPLUSFLAGS = (
					"-DNS_BLOCK_ASSERTIONS=1",
					"$(inherited)",
				);
				PRODUCT_BUNDLE_IDENTIFIER = "com.flatiron.${PRODUCT_NAME:rfc1034identifier}";
				PRODUCT_NAME = "$(TARGET_NAME)";
				PUBLIC_HEADERS_FOLDER_PATH = "$(TARGET_NAME)";
				SDKROOT = iphoneos;
				VALIDATE_PRODUCT = YES;
			};
			name = Release;
		};
		191794FE978B42B9A964DD75 /* Debug */ = {
			isa = XCBuildConfiguration;
			baseConfigurationReference = 67F6C2266F4869A02E7A8109 /* Pods-unit_tests.debug.xcconfig */;
			buildSettings = {
				BUNDLE_LOADER = "$(BUILT_PRODUCTS_DIR)/objc-PetCast.app/objc-PetCast";
				FRAMEWORK_SEARCH_PATHS = (
					"$(SDKROOT)/Developer/Library/Frameworks",
					"$(inherited)",
					"$(DEVELOPER_FRAMEWORKS_DIR)",
				);
				GCC_PREFIX_HEADER = "UnitTests/Resources/UnitTests-Prefix.pch";
				INFOPLIST_FILE = "UnitTests/Resources/UnitTests-Info.plist";
				PRODUCT_BUNDLE_IDENTIFIER = "com.flatiron.${PRODUCT_NAME:rfc1034identifier}";
				PRODUCT_NAME = "$(TARGET_NAME)";
				SDKROOT = iphoneos;
				SKIP_INSTALL = YES;
				TEST_HOST = "$(BUNDLE_LOADER)";
				WRAPPER_EXTENSION = xctest;
			};
			name = Debug;
		};
		1AED0888B5E543929A6B92CE /* Debug */ = {
			isa = XCBuildConfiguration;
			buildSettings = {
				ALWAYS_SEARCH_USER_PATHS = NO;
				COPY_PHASE_STRIP = NO;
				DSTROOT = /tmp/xcodeproj.dst;
				GCC_C_LANGUAGE_STANDARD = gnu99;
				GCC_DYNAMIC_NO_PIC = NO;
				GCC_OPTIMIZATION_LEVEL = 0;
				GCC_PRECOMPILE_PREFIX_HEADER = YES;
				GCC_PREFIX_HEADER = "objc-PetCast/Resources/Other-Sources/objc-PetCast-Prefix.pch";
				GCC_PREPROCESSOR_DEFINITIONS = (
					"DEBUG=1",
					"$(inherited)",
				);
				GCC_SYMBOLS_PRIVATE_EXTERN = NO;
				GCC_VERSION = com.apple.compilers.llvm.clang.1_0;
				INFOPLIST_FILE = "objc-PetCast/Resources/Other-Sources/objc-PetCast-Info.plist";
				INSTALL_PATH = "$(BUILT_PRODUCTS_DIR)";
				PRODUCT_BUNDLE_IDENTIFIER = "com.flatiron.${PRODUCT_NAME:rfc1034identifier}";
				PRODUCT_NAME = "$(TARGET_NAME)";
				PUBLIC_HEADERS_FOLDER_PATH = "$(TARGET_NAME)";
				SDKROOT = iphoneos;
			};
			name = Debug;
		};
		1C676AB0963045F184A6C658 /* Release */ = {
			isa = XCBuildConfiguration;
			buildSettings = {
				ALWAYS_SEARCH_USER_PATHS = NO;
				ASSETCATALOG_COMPILER_APPICON_NAME = AppIcon;
				ASSETCATALOG_COMPILER_LAUNCHIMAGE_NAME = LaunchImage;
				CLANG_CXX_LANGUAGE_STANDARD = "gnu++0x";
				CLANG_CXX_LIBRARY = "libc++";
				CLANG_ENABLE_MODULES = YES;
				CLANG_ENABLE_OBJC_ARC = YES;
				CLANG_WARN_BOOL_CONVERSION = YES;
				CLANG_WARN_CONSTANT_CONVERSION = YES;
				CLANG_WARN_DEPRECATED_OBJC_IMPLEMENTATIONS = YES;
				CLANG_WARN_DIRECT_OBJC_ISA_USAGE = YES_ERROR;
				CLANG_WARN_EMPTY_BODY = YES;
				CLANG_WARN_ENUM_CONVERSION = YES;
				CLANG_WARN_INT_CONVERSION = YES;
				CLANG_WARN_OBJC_IMPLICIT_RETAIN_SELF = YES;
				CLANG_WARN_OBJC_ROOT_CLASS = YES_ERROR;
				CLANG_WARN_SUSPICIOUS_IMPLICIT_CONVERSION = YES;
				"CODE_SIGN_IDENTITY[sdk=iphoneos*]" = "iPhone Developer";
				COPY_PHASE_STRIP = NO;
				ENABLE_NS_ASSERTIONS = NO;
				GCC_C_LANGUAGE_STANDARD = gnu99;
				GCC_WARN_64_TO_32_BIT_CONVERSION = YES;
				GCC_WARN_ABOUT_DEPRECATED_FUNCTIONS = YES;
				GCC_WARN_ABOUT_MISSING_FIELD_INITIALIZERS = YES;
				GCC_WARN_ABOUT_MISSING_NEWLINE = YES;
				GCC_WARN_ABOUT_RETURN_TYPE = YES;
				GCC_WARN_CHECK_SWITCH_STATEMENTS = YES;
				GCC_WARN_INITIALIZER_NOT_FULLY_BRACKETED = YES;
				GCC_WARN_MISSING_PARENTHESES = YES;
				GCC_WARN_SHADOW = YES;
				GCC_WARN_TYPECHECK_CALLS_TO_PRINTF = YES;
				GCC_WARN_UNDECLARED_SELECTOR = YES;
				GCC_WARN_UNINITIALIZED_AUTOS = YES;
				GCC_WARN_UNUSED_FUNCTION = YES;
				GCC_WARN_UNUSED_LABEL = YES;
				GCC_WARN_UNUSED_VALUE = YES;
				GCC_WARN_UNUSED_VARIABLE = YES;
				IPHONEOS_DEPLOYMENT_TARGET = 8.0;
				SDKROOT = iphoneos;
				VALIDATE_PRODUCT = YES;
			};
			name = Release;
		};
		26BCB957CB2C42D08AAAB13A /* Debug */ = {
			isa = XCBuildConfiguration;
			buildSettings = {
				ALWAYS_SEARCH_USER_PATHS = NO;
				ASSETCATALOG_COMPILER_APPICON_NAME = AppIcon;
				ASSETCATALOG_COMPILER_LAUNCHIMAGE_NAME = LaunchImage;
				CLANG_CXX_LANGUAGE_STANDARD = "gnu++0x";
				CLANG_CXX_LIBRARY = "libc++";
				CLANG_ENABLE_MODULES = YES;
				CLANG_ENABLE_OBJC_ARC = YES;
				CLANG_WARN_BOOL_CONVERSION = YES;
				CLANG_WARN_CONSTANT_CONVERSION = YES;
				CLANG_WARN_DEPRECATED_OBJC_IMPLEMENTATIONS = YES;
				CLANG_WARN_DIRECT_OBJC_ISA_USAGE = YES_ERROR;
				CLANG_WARN_EMPTY_BODY = YES;
				CLANG_WARN_ENUM_CONVERSION = YES;
				CLANG_WARN_INT_CONVERSION = YES;
				CLANG_WARN_OBJC_IMPLICIT_RETAIN_SELF = YES;
				CLANG_WARN_OBJC_ROOT_CLASS = YES_ERROR;
				CLANG_WARN_SUSPICIOUS_IMPLICIT_CONVERSION = YES;
				"CODE_SIGN_IDENTITY[sdk=iphoneos*]" = "iPhone Developer";
				COPY_PHASE_STRIP = YES;
				ENABLE_TESTABILITY = YES;
				GCC_C_LANGUAGE_STANDARD = gnu99;
				GCC_DYNAMIC_NO_PIC = NO;
				GCC_OPTIMIZATION_LEVEL = 0;
				GCC_PREPROCESSOR_DEFINITIONS = (
					"DEBUG=1",
					"$(inherited)",
				);
				GCC_SYMBOLS_PRIVATE_EXTERN = NO;
				GCC_WARN_64_TO_32_BIT_CONVERSION = YES;
				GCC_WARN_ABOUT_DEPRECATED_FUNCTIONS = YES;
				GCC_WARN_ABOUT_MISSING_FIELD_INITIALIZERS = YES;
				GCC_WARN_ABOUT_MISSING_NEWLINE = YES;
				GCC_WARN_ABOUT_RETURN_TYPE = YES;
				GCC_WARN_CHECK_SWITCH_STATEMENTS = YES;
				GCC_WARN_INITIALIZER_NOT_FULLY_BRACKETED = YES;
				GCC_WARN_MISSING_PARENTHESES = YES;
				GCC_WARN_SHADOW = YES;
				GCC_WARN_TYPECHECK_CALLS_TO_PRINTF = YES;
				GCC_WARN_UNDECLARED_SELECTOR = YES;
				GCC_WARN_UNINITIALIZED_AUTOS = YES;
				GCC_WARN_UNUSED_FUNCTION = YES;
				GCC_WARN_UNUSED_LABEL = YES;
				GCC_WARN_UNUSED_VALUE = YES;
				GCC_WARN_UNUSED_VARIABLE = YES;
				IPHONEOS_DEPLOYMENT_TARGET = 8.0;
				ONLY_ACTIVE_ARCH = YES;
				SDKROOT = iphoneos;
			};
			name = Debug;
		};
		963A60DE04A6463F945BCC1B /* Release */ = {
			isa = XCBuildConfiguration;
			baseConfigurationReference = 5B8C885DE55476ABFC6A7669 /* Pods-unit_tests.release.xcconfig */;
			buildSettings = {
				BUNDLE_LOADER = "$(BUILT_PRODUCTS_DIR)/objc-PetCast.app/objc-PetCast";
				FRAMEWORK_SEARCH_PATHS = (
					"$(SDKROOT)/Developer/Library/Frameworks",
					"$(inherited)",
					"$(DEVELOPER_FRAMEWORKS_DIR)",
				);
				GCC_PREFIX_HEADER = "UnitTests/Resources/UnitTests-Prefix.pch";
				INFOPLIST_FILE = "UnitTests/Resources/UnitTests-Info.plist";
				PRODUCT_BUNDLE_IDENTIFIER = "com.flatiron.${PRODUCT_NAME:rfc1034identifier}";
				PRODUCT_NAME = "$(TARGET_NAME)";
				SDKROOT = iphoneos;
				SKIP_INSTALL = YES;
				TEST_HOST = "$(BUNDLE_LOADER)";
				WRAPPER_EXTENSION = xctest;
			};
			name = Release;
		};
/* End XCBuildConfiguration section */

/* Begin XCConfigurationList section */
		3A6B20981F8644EB801134A4 /* Build configuration list for PBXNativeTarget "UnitTests" */ = {
			isa = XCConfigurationList;
			buildConfigurations = (
				963A60DE04A6463F945BCC1B /* Release */,
				191794FE978B42B9A964DD75 /* Debug */,
			);
			defaultConfigurationIsVisible = 0;
			defaultConfigurationName = Release;
		};
		3F152E8AAF3A4DD9B48ECB7B /* Build configuration list for PBXNativeTarget "objc-PetCast" */ = {
			isa = XCConfigurationList;
			buildConfigurations = (
				0CE04F6304674F7EA23E853B /* Release */,
				1AED0888B5E543929A6B92CE /* Debug */,
			);
			defaultConfigurationIsVisible = 0;
			defaultConfigurationName = Release;
		};
		9F09AFD9DB264744A7EB003D /* Build configuration list for PBXProject "objc-PetCast" */ = {
			isa = XCConfigurationList;
			buildConfigurations = (
				26BCB957CB2C42D08AAAB13A /* Debug */,
				1C676AB0963045F184A6C658 /* Release */,
			);
			defaultConfigurationIsVisible = 0;
			defaultConfigurationName = Release;
		};
/* End XCConfigurationList section */
	};
	rootObject = 7734A3B639D14EF3A3117670 /* Project object */;
}
